
Microsoft Visual Studio Solution File, Format Version 12.00
# Visual Studio Version 16
VisualStudioVersion = 16.0.29806.167
MinimumVisualStudioVersion = 10.0.40219.1
Project("{8BC9CEB8-8B4A-11D0-8D11-00A0C91BC942}") = "DirectedOrderNumberEquationsCPU", "DirectedOrderNumberEquationsCPU\DirectedOrderNumberEquationsCPU.vcxproj", "{8B651057-1BB7-4225-AFF7-E37A07F4F7A5}"
EndProject
Project("{8BC9CEB8-8B4A-11D0-8D11-00A0C91BC942}") = "DirectedOrderNumberTest", "DirectedOrderNumberTest\DirectedOrderNumberTest.vcxproj", "{68370A6E-54BE-4634-9735-AE92C3EDE514}"
EndProject
Global
	GlobalSection(SolutionConfigurationPlatforms) = preSolution
		Debug|x64 = Debug|x64
		Debug|x86 = Debug|x86
		Release|x64 = Release|x64
		Release|x86 = Release|x86
	EndGlobalSection
	GlobalSection(ProjectConfigurationPlatforms) = postSolution
		{8B651057-1BB7-4225-AFF7-E37A07F4F7A5}.Debug|x64.ActiveCfg = Debug|x64
		{8B651057-1BB7-4225-AFF7-E37A07F4F7A5}.Debug|x64.Build.0 = Debug|x64
		{8B651057-1BB7-4225-AFF7-E37A07F4F7A5}.Debug|x86.ActiveCfg = Debug|Win32
		{8B651057-1BB7-4225-AFF7-E37A07F4F7A5}.Debug|x86.Build.0 = Debug|Win32
		{8B651057-1BB7-4225-AFF7-E37A07F4F7A5}.Release|x64.ActiveCfg = Release|x64
		{8B651057-1BB7-4225-AFF7-E37A07F4F7A5}.Release|x64.Build.0 = Release|x64
		{8B651057-1BB7-4225-AFF7-E37A07F4F7A5}.Release|x86.ActiveCfg = Release|Win32
		{8B651057-1BB7-4225-AFF7-E37A07F4F7A5}.Release|x86.Build.0 = Release|Win32
		{68370A6E-54BE-4634-9735-AE92C3EDE514}.Debug|x64.ActiveCfg = Debug|x64
		{68370A6E-54BE-4634-9735-AE92C3EDE514}.Debug|x64.Build.0 = Debug|x64
		{68370A6E-54BE-4634-9735-AE92C3EDE514}.Debug|x86.ActiveCfg = Debug|Win32
		{68370A6E-54BE-4634-9735-AE92C3EDE514}.Debug|x86.Build.0 = Debug|Win32
		{68370A6E-54BE-4634-9735-AE92C3EDE514}.Release|x64.ActiveCfg = Release|x64
		{68370A6E-54BE-4634-9735-AE92C3EDE514}.Release|x64.Build.0 = Release|x64
		{68370A6E-54BE-4634-9735-AE92C3EDE514}.Release|x86.ActiveCfg = Release|Win32
		{68370A6E-54BE-4634-9735-AE92C3EDE514}.Release|x86.Build.0 = Release|Win32
	EndGlobalSection
	GlobalSection(SolutionProperties) = preSolution
		HideSolutionNode = FALSE
	EndGlobalSection
	GlobalSection(ExtensibilityGlobals) = postSolution
		SolutionGuid = {DDEDA7AE-CCE7-44D9-910D-43F48F1E7871}
	EndGlobalSection
EndGlobal
